{
  "name": "applet",
  "lockfileVersion": 3,
  "requires": true,
  "packages": {
    "": {
      "dependencies": {
        "pdf.js-extract": "^1.0.1"
      }
    },
    "node_modules/dommatrix": {
      "version": "0.1.1",
      "resolved": "https://registry.npmjs.org/dommatrix/-/dommatrix-0.1.1.tgz",
      "integrity": "sha512-45CQT2bjnN9DXF07PXgG7hfQ2r8a6trrupNuTizRzfLHWWujdebAx8Xry0CB5uVBQlQY/m0TE/Whe5nrua+lsQ==",
      "license": "MIT"
    },
    "node_modules/pdf.js-extract": {
      "version": "1.0.1",
      "resolved": "https://registry.npmjs.org/pdf.js-extract/-/pdf.js-extract-1.0.1.tgz",
      "integrity": "sha512-2uWbXGPpYb0qJ/XAuNChlO/IlixtbsaBTm+oxKb7uDne0a7WN60n4jFq9IvsUGoYYDUnUiR/QIcNhA1wXCjWkw==",
      "license": "MIT",
      "dependencies": {
        "dommatrix": "0.1.1"
      },
      "engines": {
        "node": ">= 20.0.0"
      }
    }
  }
}
